
Microsoft Visual Studio Solution File, Format Version 12.00
# Visual Studio Version 17
VisualStudioVersion = 17.2.32630.192
MinimumVisualStudioVersion = 10.0.40219.1
Project("{FAE04EC0-301F-11D3-BF4B-00C04F79EFBC}") = "Compiler", "Compiler\Compiler.csproj", "{90384E1D-6051-44D9-AC6F-C6077D146FDF}"
EndProject
Global
	GlobalSection(SolutionConfigurationPlatforms) = preSolution
		Debug|Any CPU = Debug|Any CPU
		Release|Any CPU = Release|Any CPU
	EndGlobalSection
	GlobalSection(ProjectConfigurationPlatforms) = postSolution
		{90384E1D-6051-44D9-AC6F-C6077D146FDF}.Debug|Any CPU.ActiveCfg = Debug|Any CPU
		{90384E1D-6051-44D9-AC6F-C6077D146FDF}.Debug|Any CPU.Build.0 = Debug|Any CPU
		{90384E1D-6051-44D9-AC6F-C6077D146FDF}.Release|Any CPU.ActiveCfg = Release|Any CPU
		{90384E1D-6051-44D9-AC6F-C6077D146FDF}.Release|Any CPU.Build.0 = Release|Any CPU
	EndGlobalSection
	GlobalSection(SolutionProperties) = preSolution
		HideSolutionNode = FALSE
	EndGlobalSection
	GlobalSection(ExtensibilityGlobals) = postSolution
		SolutionGuid = {3CC05B58-8A52-420D-BCB8-DC1E28557C21}
	EndGlobalSection
EndGlobal
